
Microsoft Visual Studio Solution File, Format Version 12.00
# Visual Studio Version 17
VisualStudioVersion = 17.10.34916.146
MinimumVisualStudioVersion = 10.0.40219.1
Project("{8BC9CEB8-8B4A-11D0-8D11-00A0C91BC942}") = "MW4", "MW4\MW4.vcxproj", "{6AA3A18A-C8FD-4D84-9404-5E653A5F16BE}"
EndProject
Global
	GlobalSection(SolutionConfigurationPlatforms) = preSolution
		Debug|x64 = Debug|x64
		Debug|x86 = Debug|x86
		Release|x64 = Release|x64
		Release|x86 = Release|x86
	EndGlobalSection
	GlobalSection(ProjectConfigurationPlatforms) = postSolution
		{6AA3A18A-C8FD-4D84-9404-5E653A5F16BE}.Debug|x64.ActiveCfg = Debug|x64
		{6AA3A18A-C8FD-4D84-9404-5E653A5F16BE}.Debug|x64.Build.0 = Debug|x64
		{6AA3A18A-C8FD-4D84-9404-5E653A5F16BE}.Debug|x86.ActiveCfg = Debug|Win32
		{6AA3A18A-C8FD-4D84-9404-5E653A5F16BE}.Debug|x86.Build.0 = Debug|Win32
		{6AA3A18A-C8FD-4D84-9404-5E653A5F16BE}.Release|x64.ActiveCfg = Release|x64
		{6AA3A18A-C8FD-4D84-9404-5E653A5F16BE}.Release|x64.Build.0 = Release|x64
		{6AA3A18A-C8FD-4D84-9404-5E653A5F16BE}.Release|x86.ActiveCfg = Release|Win32
		{6AA3A18A-C8FD-4D84-9404-5E653A5F16BE}.Release|x86.Build.0 = Release|Win32
	EndGlobalSection
	GlobalSection(SolutionProperties) = preSolution
		HideSolutionNode = FALSE
	EndGlobalSection
	GlobalSection(ExtensibilityGlobals) = postSolution
		SolutionGuid = {932241EC-05C0-46CC-890F-078E078ABC67}
	EndGlobalSection
EndGlobal
